
Microsoft Visual Studio Solution File, Format Version 12.00
# Visual Studio Version 17
VisualStudioVersion = 17.8.34112.27
MinimumVisualStudioVersion = 10.0.40219.1
Project("{FAE04EC0-301F-11D3-BF4B-00C04F79EFBC}") = "DockerDotNet", "DockerDotNet\DockerDotNet.csproj", "{DBC8401E-3A76-4A36-B00D-C8A88CD15A2B}"
EndProject
Global
	GlobalSection(SolutionConfigurationPlatforms) = preSolution
		Debug|Any CPU = Debug|Any CPU
		Release|Any CPU = Release|Any CPU
	EndGlobalSection
	GlobalSection(ProjectConfigurationPlatforms) = postSolution
		{DBC8401E-3A76-4A36-B00D-C8A88CD15A2B}.Debug|Any CPU.ActiveCfg = Debug|Any CPU
		{DBC8401E-3A76-4A36-B00D-C8A88CD15A2B}.Debug|Any CPU.Build.0 = Debug|Any CPU
		{DBC8401E-3A76-4A36-B00D-C8A88CD15A2B}.Release|Any CPU.ActiveCfg = Release|Any CPU
		{DBC8401E-3A76-4A36-B00D-C8A88CD15A2B}.Release|Any CPU.Build.0 = Release|Any CPU
	EndGlobalSection
	GlobalSection(SolutionProperties) = preSolution
		HideSolutionNode = FALSE
	EndGlobalSection
	GlobalSection(ExtensibilityGlobals) = postSolution
		SolutionGuid = {BFCA3773-7696-411D-8587-CE242551352E}
	EndGlobalSection
EndGlobal
